
Microsoft Visual Studio Solution File, Format Version 12.00
# Visual Studio Version 17
VisualStudioVersion = 17.4.33122.133
MinimumVisualStudioVersion = 10.0.40219.1
Project("{FAE04EC0-301F-11D3-BF4B-00C04F79EFBC}") = "L3_Hypotenuse", "L3_Hypotenuse.csproj", "{5F9603FE-9340-4DD2-85C6-F354E8A3518C}"
EndProject
Global
	GlobalSection(SolutionConfigurationPlatforms) = preSolution
		Debug|Any CPU = Debug|Any CPU
		Release|Any CPU = Release|Any CPU
	EndGlobalSection
	GlobalSection(ProjectConfigurationPlatforms) = postSolution
		{5F9603FE-9340-4DD2-85C6-F354E8A3518C}.Debug|Any CPU.ActiveCfg = Debug|Any CPU
		{5F9603FE-9340-4DD2-85C6-F354E8A3518C}.Debug|Any CPU.Build.0 = Debug|Any CPU
		{5F9603FE-9340-4DD2-85C6-F354E8A3518C}.Release|Any CPU.ActiveCfg = Release|Any CPU
		{5F9603FE-9340-4DD2-85C6-F354E8A3518C}.Release|Any CPU.Build.0 = Release|Any CPU
	EndGlobalSection
	GlobalSection(SolutionProperties) = preSolution
		HideSolutionNode = FALSE
	EndGlobalSection
	GlobalSection(ExtensibilityGlobals) = postSolution
		SolutionGuid = {73DC3405-8058-4A6F-9ED3-73987C4AC6EF}
	EndGlobalSection
EndGlobal
