
Microsoft Visual Studio Solution File, Format Version 12.00
# Visual Studio Version 17
VisualStudioVersion = 17.3.32929.385
MinimumVisualStudioVersion = 10.0.40219.1
Project("{FAE04EC0-301F-11D3-BF4B-00C04F79EFBC}") = "WordCounter", "WordCounter.csproj", "{96D813DD-DDF1-44C0-B293-AAE267FEFCE9}"
EndProject
Global
	GlobalSection(SolutionConfigurationPlatforms) = preSolution
		Debug|Any CPU = Debug|Any CPU
		Release|Any CPU = Release|Any CPU
	EndGlobalSection
	GlobalSection(ProjectConfigurationPlatforms) = postSolution
		{96D813DD-DDF1-44C0-B293-AAE267FEFCE9}.Debug|Any CPU.ActiveCfg = Debug|Any CPU
		{96D813DD-DDF1-44C0-B293-AAE267FEFCE9}.Debug|Any CPU.Build.0 = Debug|Any CPU
		{96D813DD-DDF1-44C0-B293-AAE267FEFCE9}.Release|Any CPU.ActiveCfg = Release|Any CPU
		{96D813DD-DDF1-44C0-B293-AAE267FEFCE9}.Release|Any CPU.Build.0 = Release|Any CPU
	EndGlobalSection
	GlobalSection(SolutionProperties) = preSolution
		HideSolutionNode = FALSE
	EndGlobalSection
	GlobalSection(ExtensibilityGlobals) = postSolution
		SolutionGuid = {49B58D06-6C95-460D-8B09-40B64E33CACB}
	EndGlobalSection
EndGlobal
