
Microsoft Visual Studio Solution File, Format Version 12.00
# Visual Studio Version 17
VisualStudioVersion = 17.4.33122.133
MinimumVisualStudioVersion = 10.0.40219.1
Project("{FAE04EC0-301F-11D3-BF4B-00C04F79EFBC}") = "L2_Converter", "L2_Converter.csproj", "{B483F9C5-BC6F-4F84-908E-7444A0F53718}"
EndProject
Global
	GlobalSection(SolutionConfigurationPlatforms) = preSolution
		Debug|Any CPU = Debug|Any CPU
		Release|Any CPU = Release|Any CPU
	EndGlobalSection
	GlobalSection(ProjectConfigurationPlatforms) = postSolution
		{B483F9C5-BC6F-4F84-908E-7444A0F53718}.Debug|Any CPU.ActiveCfg = Debug|Any CPU
		{B483F9C5-BC6F-4F84-908E-7444A0F53718}.Debug|Any CPU.Build.0 = Debug|Any CPU
		{B483F9C5-BC6F-4F84-908E-7444A0F53718}.Release|Any CPU.ActiveCfg = Release|Any CPU
		{B483F9C5-BC6F-4F84-908E-7444A0F53718}.Release|Any CPU.Build.0 = Release|Any CPU
	EndGlobalSection
	GlobalSection(SolutionProperties) = preSolution
		HideSolutionNode = FALSE
	EndGlobalSection
	GlobalSection(ExtensibilityGlobals) = postSolution
		SolutionGuid = {11739BBF-9751-455A-8F1A-D8BEACDE2422}
	EndGlobalSection
EndGlobal
