
Microsoft Visual Studio Solution File, Format Version 12.00
# Visual Studio Version 17
VisualStudioVersion = 17.3.32929.385
MinimumVisualStudioVersion = 10.0.40219.1
Project("{FAE04EC0-301F-11D3-BF4B-00C04F79EFBC}") = "Musical_Instruments", "Musical_Instruments.csproj", "{FF60A5CE-EAC7-44D6-BF72-3105CE85B90A}"
EndProject
Global
	GlobalSection(SolutionConfigurationPlatforms) = preSolution
		Debug|Any CPU = Debug|Any CPU
		Release|Any CPU = Release|Any CPU
	EndGlobalSection
	GlobalSection(ProjectConfigurationPlatforms) = postSolution
		{FF60A5CE-EAC7-44D6-BF72-3105CE85B90A}.Debug|Any CPU.ActiveCfg = Debug|Any CPU
		{FF60A5CE-EAC7-44D6-BF72-3105CE85B90A}.Debug|Any CPU.Build.0 = Debug|Any CPU
		{FF60A5CE-EAC7-44D6-BF72-3105CE85B90A}.Release|Any CPU.ActiveCfg = Release|Any CPU
		{FF60A5CE-EAC7-44D6-BF72-3105CE85B90A}.Release|Any CPU.Build.0 = Release|Any CPU
	EndGlobalSection
	GlobalSection(SolutionProperties) = preSolution
		HideSolutionNode = FALSE
	EndGlobalSection
	GlobalSection(ExtensibilityGlobals) = postSolution
		SolutionGuid = {33539E1F-CC8E-4D15-9E48-21DFD28CA52D}
	EndGlobalSection
EndGlobal
